
Microsoft Visual Studio Solution File, Format Version 12.00
# Visual Studio Version 16
VisualStudioVersion = 16.0.30104.148
MinimumVisualStudioVersion = 10.0.40219.1
Project("{FAE04EC0-301F-11D3-BF4B-00C04F79EFBC}") = "AlmostThere", "AlmostThere.csproj", "{EB0FDC31-0570-42FC-A3C9-3E9248B62858}"
EndProject
Global
	GlobalSection(SolutionConfigurationPlatforms) = preSolution
		Debug|Any CPU = Debug|Any CPU
		Release|Any CPU = Release|Any CPU
	EndGlobalSection
	GlobalSection(ProjectConfigurationPlatforms) = postSolution
		{EB0FDC31-0570-42FC-A3C9-3E9248B62858}.Debug|Any CPU.ActiveCfg = Debug|Any CPU
		{EB0FDC31-0570-42FC-A3C9-3E9248B62858}.Debug|Any CPU.Build.0 = Debug|Any CPU
		{EB0FDC31-0570-42FC-A3C9-3E9248B62858}.Release|Any CPU.ActiveCfg = Release|Any CPU
		{EB0FDC31-0570-42FC-A3C9-3E9248B62858}.Release|Any CPU.Build.0 = Release|Any CPU
	EndGlobalSection
	GlobalSection(SolutionProperties) = preSolution
		HideSolutionNode = FALSE
	EndGlobalSection
	GlobalSection(ExtensibilityGlobals) = postSolution
		SolutionGuid = {98B38534-D9C2-4DF7-BE94-EE3833EC6B51}
	EndGlobalSection
EndGlobal
